
Microsoft Visual Studio Solution File, Format Version 12.00
# Visual Studio 14
VisualStudioVersion = 14.0.25420.1
MinimumVisualStudioVersion = 10.0.40219.1
Project("{9A19103F-16F7-4668-BE54-9A1E7A4F7556}") = "WpfApplication1", "WpfApplication1\WpfApplication1.csproj", "{03366965-BD46-44E2-8F49-7AA52284FF49}"
EndProject
Global
	GlobalSection(SolutionConfigurationPlatforms) = preSolution
		Debug|Any CPU = Debug|Any CPU
		Release|Any CPU = Release|Any CPU
	EndGlobalSection
	GlobalSection(ProjectConfigurationPlatforms) = postSolution
		{03366965-BD46-44E2-8F49-7AA52284FF49}.Debug|Any CPU.ActiveCfg = Debug|Any CPU
		{03366965-BD46-44E2-8F49-7AA52284FF49}.Debug|Any CPU.Build.0 = Debug|Any CPU
		{03366965-BD46-44E2-8F49-7AA52284FF49}.Release|Any CPU.ActiveCfg = Release|Any CPU
		{03366965-BD46-44E2-8F49-7AA52284FF49}.Release|Any CPU.Build.0 = Release|Any CPU
	EndGlobalSection
	GlobalSection(SolutionProperties) = preSolution
		HideSolutionNode = FALSE
	EndGlobalSection
EndGlobal
