Microsoft Visual Studio Solution File, Format Version 12.00
# Visual Studio Version 17
VisualStudioVersion = 17.14.36518.9
MinimumVisualStudioVersion = 10.0.40219.1
Project("{9A19103F-16F7-4668-BE54-9A1E7A4F7556}") = "WpfApplication1", "WpfApplication1\WpfApplication1.csproj", "{03366965-BD46-44E2-8F49-7AA52284FF49}"
EndProject
Global
	GlobalSection(SolutionConfigurationPlatforms) = preSolution
		Debug|Any CPU = Debug|Any CPU
		Debug|x64 = Debug|x64
		Release|Any CPU = Release|Any CPU
		Release|x64 = Release|x64
	EndGlobalSection
	GlobalSection(ProjectConfigurationPlatforms) = postSolution
		{03366965-BD46-44E2-8F49-7AA52284FF49}.Debug|Any CPU.ActiveCfg = Release|Any CPU
		{03366965-BD46-44E2-8F49-7AA52284FF49}.Debug|Any CPU.Build.0 = Release|Any CPU
		{03366965-BD46-44E2-8F49-7AA52284FF49}.Debug|x64.ActiveCfg = Debug|x64
		{03366965-BD46-44E2-8F49-7AA52284FF49}.Debug|x64.Build.0 = Debug|x64
		{03366965-BD46-44E2-8F49-7AA52284FF49}.Release|Any CPU.ActiveCfg = Release|Any CPU
		{03366965-BD46-44E2-8F49-7AA52284FF49}.Release|Any CPU.Build.0 = Release|Any CPU
		{03366965-BD46-44E2-8F49-7AA52284FF49}.Release|x64.ActiveCfg = Release|x64
		{03366965-BD46-44E2-8F49-7AA52284FF49}.Release|x64.Build.0 = Release|x64
	EndGlobalSection
	GlobalSection(SolutionProperties) = preSolution
		HideSolutionNode = FALSE
	EndGlobalSection
	GlobalSection(ExtensibilityGlobals) = postSolution
		SolutionGuid = {5F07401F-6EE0-4AC0-8CAA-93FF0349E7E1}
	EndGlobalSection
EndGlobal
